// !$*UTF8*$!
{
	archiveVersion = 1;
	classes = {
	};
	objectVersion = 46;
	objects = {

/* Begin PBXBuildFile section */
		1A531B261B70590F00EACAD6 /* AppDelegate.swift in Sources */ = {isa = PBXBuildFile; fileRef = 1A531B251B70590F00EACAD6 /* AppDelegate.swift */; };
		1A531B281B70590F00EACAD6 /* ViewController.swift in Sources */ = {isa = PBXBuildFile; fileRef = 1A531B271B70590F00EACAD6 /* ViewController.swift */; };
		1A531B2B1B70590F00EACAD6 /* Main.storyboard in Resources */ = {isa = PBXBuildFile; fileRef = 1A531B291B70590F00EACAD6 /* Main.storyboard */; };
		1A531B2D1B70590F00EACAD6 /* Assets.xcassets in Resources */ = {isa = PBXBuildFile; fileRef = 1A531B2C1B70590F00EACAD6 /* Assets.xcassets */; };
		1A531B301B70590F00EACAD6 /* LaunchScreen.storyboard in Resources */ = {isa = PBXBuildFile; fileRef = 1A531B2E1B70590F00EACAD6 /* LaunchScreen.storyboard */; };
		1A54D2651B70957F0010120B /* SignUpInViewController.swift in Sources */ = {isa = PBXBuildFile; fileRef = 1A54D2641B70957F0010120B /* SignUpInViewController.swift */; };
		1A6A8EA81B705BF500A5ED4C /* AudioToolbox.framework in Frameworks */ = {isa = PBXBuildFile; fileRef = 1A6A8EA71B705BF500A5ED4C /* AudioToolbox.framework */; };
		1A6A8EAA1B705C0600A5ED4C /* CFNetwork.framework in Frameworks */ = {isa = PBXBuildFile; fileRef = 1A6A8EA91B705C0600A5ED4C /* CFNetwork.framework */; };
		1A6A8EAC1B705C0C00A5ED4C /* CoreGraphics.framework in Frameworks */ = {isa = PBXBuildFile; fileRef = 1A6A8EAB1B705C0C00A5ED4C /* CoreGraphics.framework */; };
		1A6A8EAE1B705C2400A5ED4C /* CoreLocation.framework in Frameworks */ = {isa = PBXBuildFile; fileRef = 1A6A8EAD1B705C2400A5ED4C /* CoreLocation.framework */; };
		1A6A8EB01B705C2D00A5ED4C /* QuartzCore.framework in Frameworks */ = {isa = PBXBuildFile; fileRef = 1A6A8EAF1B705C2D00A5ED4C /* QuartzCore.framework */; };
		1A6A8EB21B705C3400A5ED4C /* Security.framework in Frameworks */ = {isa = PBXBuildFile; fileRef = 1A6A8EB11B705C3400A5ED4C /* Security.framework */; };
		1A6A8EB41B705C3C00A5ED4C /* StoreKit.framework in Frameworks */ = {isa = PBXBuildFile; fileRef = 1A6A8EB31B705C3C00A5ED4C /* StoreKit.framework */; };
		1A6A8EB61B705C4800A5ED4C /* SystemConfiguration.framework in Frameworks */ = {isa = PBXBuildFile; fileRef = 1A6A8EB51B705C4800A5ED4C /* SystemConfiguration.framework */; };
		1A6A8EB81B705C5000A5ED4C /* libz.tbd in Frameworks */ = {isa = PBXBuildFile; fileRef = 1A6A8EB71B705C5000A5ED4C /* libz.tbd */; };
		1A6A8EBA1B705C6800A5ED4C /* libsqlite3.tbd in Frameworks */ = {isa = PBXBuildFile; fileRef = 1A6A8EB91B705C6800A5ED4C /* libsqlite3.tbd */; };
		1A6A8EC41B705E7E00A5ED4C /* AlarmsTableViewController.swift in Sources */ = {isa = PBXBuildFile; fileRef = 1A6A8EC31B705E7E00A5ED4C /* AlarmsTableViewController.swift */; };
		1A6A8ECA1B70759B00A5ED4C /* AlarmsTableViewCell.swift in Sources */ = {isa = PBXBuildFile; fileRef = 1A6A8EC81B70759B00A5ED4C /* AlarmsTableViewCell.swift */; };
		1A6A8ECB1B70759B00A5ED4C /* AlarmsTableViewCell.xib in Resources */ = {isa = PBXBuildFile; fileRef = 1A6A8EC91B70759B00A5ED4C /* AlarmsTableViewCell.xib */; };
		1A6A8ECF1B707C7500A5ED4C /* Roboto-Bold.ttf in Resources */ = {isa = PBXBuildFile; fileRef = 1A6A8ECC1B707C7500A5ED4C /* Roboto-Bold.ttf */; };
		1A6A8ED01B707C7500A5ED4C /* Roboto-Regular.ttf in Resources */ = {isa = PBXBuildFile; fileRef = 1A6A8ECD1B707C7500A5ED4C /* Roboto-Regular.ttf */; };
		1A6A8ED11B707C7500A5ED4C /* Roboto-Thin.ttf in Resources */ = {isa = PBXBuildFile; fileRef = 1A6A8ECE1B707C7500A5ED4C /* Roboto-Thin.ttf */; };
		5977B95C4310D4704EA7610F /* libPods.a in Frameworks */ = {isa = PBXBuildFile; fileRef = 7CEABEDF81AD0D3C96A0E238 /* libPods.a */; };
/* End PBXBuildFile section */

/* Begin PBXFileReference section */
		1A531B221B70590F00EACAD6 /* YouSnoozeYouLose3.app */ = {isa = PBXFileReference; explicitFileType = wrapper.application; includeInIndex = 0; path = YouSnoozeYouLose3.app; sourceTree = BUILT_PRODUCTS_DIR; };
		1A531B251B70590F00EACAD6 /* AppDelegate.swift */ = {isa = PBXFileReference; lastKnownFileType = sourcecode.swift; path = AppDelegate.swift; sourceTree = "<group>"; };
		1A531B271B70590F00EACAD6 /* ViewController.swift */ = {isa = PBXFileReference; lastKnownFileType = sourcecode.swift; path = ViewController.swift; sourceTree = "<group>"; };
		1A531B2A1B70590F00EACAD6 /* Base */ = {isa = PBXFileReference; lastKnownFileType = file.storyboard; name = Base; path = Base.lproj/Main.storyboard; sourceTree = "<group>"; };
		1A531B2C1B70590F00EACAD6 /* Assets.xcassets */ = {isa = PBXFileReference; lastKnownFileType = folder.assetcatalog; path = Assets.xcassets; sourceTree = "<group>"; };
		1A531B2F1B70590F00EACAD6 /* Base */ = {isa = PBXFileReference; lastKnownFileType = file.storyboard; name = Base; path = Base.lproj/LaunchScreen.storyboard; sourceTree = "<group>"; };
		1A531B311B70590F00EACAD6 /* Info.plist */ = {isa = PBXFileReference; lastKnownFileType = text.plist.xml; path = Info.plist; sourceTree = "<group>"; };
		1A54D2641B70957F0010120B /* SignUpInViewController.swift */ = {isa = PBXFileReference; fileEncoding = 4; lastKnownFileType = sourcecode.swift; path = SignUpInViewController.swift; sourceTree = "<group>"; };
		1A6A8EA41B705A4B00A5ED4C /* YouSnoozeYouLose3-Bridging-Header.h */ = {isa = PBXFileReference; lastKnownFileType = sourcecode.c.h; path = "YouSnoozeYouLose3-Bridging-Header.h"; sourceTree = "<group>"; };
		1A6A8EA71B705BF500A5ED4C /* AudioToolbox.framework */ = {isa = PBXFileReference; lastKnownFileType = wrapper.framework; name = AudioToolbox.framework; path = System/Library/Frameworks/AudioToolbox.framework; sourceTree = SDKROOT; };
		1A6A8EA91B705C0600A5ED4C /* CFNetwork.framework */ = {isa = PBXFileReference; lastKnownFileType = wrapper.framework; name = CFNetwork.framework; path = System/Library/Frameworks/CFNetwork.framework; sourceTree = SDKROOT; };
		1A6A8EAB1B705C0C00A5ED4C /* CoreGraphics.framework */ = {isa = PBXFileReference; lastKnownFileType = wrapper.framework; name = CoreGraphics.framework; path = System/Library/Frameworks/CoreGraphics.framework; sourceTree = SDKROOT; };
		1A6A8EAD1B705C2400A5ED4C /* CoreLocation.framework */ = {isa = PBXFileReference; lastKnownFileType = wrapper.framework; name = CoreLocation.framework; path = System/Library/Frameworks/CoreLocation.framework; sourceTree = SDKROOT; };
		1A6A8EAF1B705C2D00A5ED4C /* QuartzCore.framework */ = {isa = PBXFileReference; lastKnownFileType = wrapper.framework; name = QuartzCore.framework; path = System/Library/Frameworks/QuartzCore.framework; sourceTree = SDKROOT; };
		1A6A8EB11B705C3400A5ED4C /* Security.framework */ = {isa = PBXFileReference; lastKnownFileType = wrapper.framework; name = Security.framework; path = System/Library/Frameworks/Security.framework; sourceTree = SDKROOT; };
		1A6A8EB31B705C3C00A5ED4C /* StoreKit.framework */ = {isa = PBXFileReference; lastKnownFileType = wrapper.framework; name = StoreKit.framework; path = System/Library/Frameworks/StoreKit.framework; sourceTree = SDKROOT; };
		1A6A8EB51B705C4800A5ED4C /* SystemConfiguration.framework */ = {isa = PBXFileReference; lastKnownFileType = wrapper.framework; name = SystemConfiguration.framework; path = System/Library/Frameworks/SystemConfiguration.framework; sourceTree = SDKROOT; };
		1A6A8EB71B705C5000A5ED4C /* libz.tbd */ = {isa = PBXFileReference; lastKnownFileType = "sourcecode.text-based-dylib-definition"; name = libz.tbd; path = usr/lib/libz.tbd; sourceTree = SDKROOT; };
		1A6A8EB91B705C6800A5ED4C /* libsqlite3.tbd */ = {isa = PBXFileReference; lastKnownFileType = "sourcecode.text-based-dylib-definition"; name = libsqlite3.tbd; path = usr/lib/libsqlite3.tbd; sourceTree = SDKROOT; };
		1A6A8EC31B705E7E00A5ED4C /* AlarmsTableViewController.swift */ = {isa = PBXFileReference; fileEncoding = 4; lastKnownFileType = sourcecode.swift; path = AlarmsTableViewController.swift; sourceTree = "<group>"; };
		1A6A8EC81B70759B00A5ED4C /* AlarmsTableViewCell.swift */ = {isa = PBXFileReference; fileEncoding = 4; lastKnownFileType = sourcecode.swift; path = AlarmsTableViewCell.swift; sourceTree = "<group>"; };
		1A6A8EC91B70759B00A5ED4C /* AlarmsTableViewCell.xib */ = {isa = PBXFileReference; fileEncoding = 4; lastKnownFileType = file.xib; path = AlarmsTableViewCell.xib; sourceTree = "<group>"; };
		1A6A8ECC1B707C7500A5ED4C /* Roboto-Bold.ttf */ = {isa = PBXFileReference; lastKnownFileType = file; path = "Roboto-Bold.ttf"; sourceTree = "<group>"; };
		1A6A8ECD1B707C7500A5ED4C /* Roboto-Regular.ttf */ = {isa = PBXFileReference; lastKnownFileType = file; path = "Roboto-Regular.ttf"; sourceTree = "<group>"; };
		1A6A8ECE1B707C7500A5ED4C /* Roboto-Thin.ttf */ = {isa = PBXFileReference; lastKnownFileType = file; path = "Roboto-Thin.ttf"; sourceTree = "<group>"; };
		7CEABEDF81AD0D3C96A0E238 /* libPods.a */ = {isa = PBXFileReference; explicitFileType = archive.ar; includeInIndex = 0; path = libPods.a; sourceTree = BUILT_PRODUCTS_DIR; };
		8703660FD6AC363FA4F68F23 /* Pods.debug.xcconfig */ = {isa = PBXFileReference; includeInIndex = 1; lastKnownFileType = text.xcconfig; name = Pods.debug.xcconfig; path = "Pods/Target Support Files/Pods/Pods.debug.xcconfig"; sourceTree = "<group>"; };
		A8EE0950ED542754343DE132 /* Pods.release.xcconfig */ = {isa = PBXFileReference; includeInIndex = 1; lastKnownFileType = text.xcconfig; name = Pods.release.xcconfig; path = "Pods/Target Support Files/Pods/Pods.release.xcconfig"; sourceTree = "<group>"; };
/* End PBXFileReference section */

/* Begin PBXFrameworksBuildPhase section */
		1A531B1F1B70590F00EACAD6 /* Frameworks */ = {
			isa = PBXFrameworksBuildPhase;
			buildActionMask = 2147483647;
			files = (
				1A6A8EBA1B705C6800A5ED4C /* libsqlite3.tbd in Frameworks */,
				1A6A8EB81B705C5000A5ED4C /* libz.tbd in Frameworks */,
				1A6A8EB61B705C4800A5ED4C /* SystemConfiguration.framework in Frameworks */,
				1A6A8EB41B705C3C00A5ED4C /* StoreKit.framework in Frameworks */,
				1A6A8EB21B705C3400A5ED4C /* Security.framework in Frameworks */,
				1A6A8EB01B705C2D00A5ED4C /* QuartzCore.framework in Frameworks */,
				1A6A8EAE1B705C2400A5ED4C /* CoreLocation.framework in Frameworks */,
				1A6A8EAC1B705C0C00A5ED4C /* CoreGraphics.framework in Frameworks */,
				1A6A8EAA1B705C0600A5ED4C /* CFNetwork.framework in Frameworks */,
				1A6A8EA81B705BF500A5ED4C /* AudioToolbox.framework in Frameworks */,
				5977B95C4310D4704EA7610F /* libPods.a in Frameworks */,
			);
			runOnlyForDeploymentPostprocessing = 0;
		};
/* End PBXFrameworksBuildPhase section */

/* Begin PBXGroup section */
		1A531B191B70590F00EACAD6 = {
			isa = PBXGroup;
			children = (
				62E03965F53CE36518451CED /* Pods */,
				1A531B231B70590F00EACAD6 /* Products */,
				6578E9E7C70A233395F1F602 /* Frameworks */,
				1A531B241B70590F00EACAD6 /* YouSnoozeYouLose3 */,
			);
			sourceTree = "<group>";
		};
		1A531B231B70590F00EACAD6 /* Products */ = {
			isa = PBXGroup;
			children = (
				1A531B221B70590F00EACAD6 /* YouSnoozeYouLose3.app */,
			);
			name = Products;
			sourceTree = "<group>";
		};
		1A531B241B70590F00EACAD6 /* YouSnoozeYouLose3 */ = {
			isa = PBXGroup;
			children = (
				1A6A8EC21B705E2F00A5ED4C /* Fonts */,
				1A6A8EC01B705E1800A5ED4C /* Headers */,
				1A6A8EBF1B705E0E00A5ED4C /* Assets */,
				1A6A8EBE1B705E0500A5ED4C /* PropertyLists */,
				1A6A8EBD1B705DFA00A5ED4C /* ViewControllers */,
				1A6A8EC71B70755900A5ED4C /* Objects */,
				1A6A8EC61B70754F00A5ED4C /* Scripts/Functors */,
				1A531B251B70590F00EACAD6 /* AppDelegate.swift */,
				1A531B2C1B70590F00EACAD6 /* Assets.xcassets */,
				1A531B311B70590F00EACAD6 /* Info.plist */,
				1A6A8EC11B705E2900A5ED4C /* Storyboards */,
			);
			path = YouSnoozeYouLose3;
			sourceTree = "<group>";
		};
		1A6A8EBD1B705DFA00A5ED4C /* ViewControllers */ = {
			isa = PBXGroup;
			children = (
				1A531B271B70590F00EACAD6 /* ViewController.swift */,
				1A6A8EC31B705E7E00A5ED4C /* AlarmsTableViewController.swift */,
				1A54D2641B70957F0010120B /* SignUpInViewController.swift */,
			);
			name = ViewControllers;
			sourceTree = "<group>";
		};
		1A6A8EBE1B705E0500A5ED4C /* PropertyLists */ = {
			isa = PBXGroup;
			children = (
			);
			name = PropertyLists;
			sourceTree = "<group>";
		};
		1A6A8EBF1B705E0E00A5ED4C /* Assets */ = {
			isa = PBXGroup;
			children = (
			);
			name = Assets;
			sourceTree = "<group>";
		};
		1A6A8EC01B705E1800A5ED4C /* Headers */ = {
			isa = PBXGroup;
			children = (
				1A6A8EA41B705A4B00A5ED4C /* YouSnoozeYouLose3-Bridging-Header.h */,
			);
			name = Headers;
			sourceTree = "<group>";
		};
		1A6A8EC11B705E2900A5ED4C /* Storyboards */ = {
			isa = PBXGroup;
			children = (
				1A531B291B70590F00EACAD6 /* Main.storyboard */,
				1A531B2E1B70590F00EACAD6 /* LaunchScreen.storyboard */,
			);
			name = Storyboards;
			sourceTree = "<group>";
		};
		1A6A8EC21B705E2F00A5ED4C /* Fonts */ = {
			isa = PBXGroup;
			children = (
				1A6A8ECC1B707C7500A5ED4C /* Roboto-Bold.ttf */,
				1A6A8ECD1B707C7500A5ED4C /* Roboto-Regular.ttf */,
				1A6A8ECE1B707C7500A5ED4C /* Roboto-Thin.ttf */,
			);
			name = Fonts;
			sourceTree = "<group>";
		};
		1A6A8EC61B70754F00A5ED4C /* Scripts/Functors */ = {
			isa = PBXGroup;
			children = (
			);
			name = Scripts/Functors;
			sourceTree = "<group>";
		};
		1A6A8EC71B70755900A5ED4C /* Objects */ = {
			isa = PBXGroup;
			children = (
				1A6A8EC81B70759B00A5ED4C /* AlarmsTableViewCell.swift */,
				1A6A8EC91B70759B00A5ED4C /* AlarmsTableViewCell.xib */,
			);
			name = Objects;
			sourceTree = "<group>";
		};
		62E03965F53CE36518451CED /* Pods */ = {
			isa = PBXGroup;
			children = (
				8703660FD6AC363FA4F68F23 /* Pods.debug.xcconfig */,
				A8EE0950ED542754343DE132 /* Pods.release.xcconfig */,
			);
			name = Pods;
			sourceTree = "<group>";
		};
		6578E9E7C70A233395F1F602 /* Frameworks */ = {
			isa = PBXGroup;
			children = (
				1A6A8EB91B705C6800A5ED4C /* libsqlite3.tbd */,
				1A6A8EB71B705C5000A5ED4C /* libz.tbd */,
				1A6A8EB51B705C4800A5ED4C /* SystemConfiguration.framework */,
				1A6A8EB31B705C3C00A5ED4C /* StoreKit.framework */,
				1A6A8EB11B705C3400A5ED4C /* Security.framework */,
				1A6A8EAF1B705C2D00A5ED4C /* QuartzCore.framework */,
				1A6A8EAD1B705C2400A5ED4C /* CoreLocation.framework */,
				1A6A8EAB1B705C0C00A5ED4C /* CoreGraphics.framework */,
				1A6A8EA91B705C0600A5ED4C /* CFNetwork.framework */,
				1A6A8EA71B705BF500A5ED4C /* AudioToolbox.framework */,
				7CEABEDF81AD0D3C96A0E238 /* libPods.a */,
			);
			name = Frameworks;
			sourceTree = "<group>";
		};
/* End PBXGroup section */

/* Begin PBXNativeTarget section */
		1A531B211B70590F00EACAD6 /* YouSnoozeYouLose3 */ = {
			isa = PBXNativeTarget;
			buildConfigurationList = 1A531B341B70590F00EACAD6 /* Build configuration list for PBXNativeTarget "YouSnoozeYouLose3" */;
			buildPhases = (
				2B0F3F5502BABE622105FC83 /* Check Pods Manifest.lock */,
				1A531B1E1B70590F00EACAD6 /* Sources */,
				1A531B1F1B70590F00EACAD6 /* Frameworks */,
				1A531B201B70590F00EACAD6 /* Resources */,
				F60791DF667752783AC90922 /* Copy Pods Resources */,
			);
			buildRules = (
			);
			dependencies = (
			);
			name = YouSnoozeYouLose3;
			productName = YouSnoozeYouLose3;
			productReference = 1A531B221B70590F00EACAD6 /* YouSnoozeYouLose3.app */;
			productType = "com.apple.product-type.application";
		};
/* End PBXNativeTarget section */

/* Begin PBXProject section */
		1A531B1A1B70590F00EACAD6 /* Project object */ = {
			isa = PBXProject;
			attributes = {
				LastSwiftUpdateCheck = 0700;
				LastUpgradeCheck = 0700;
				ORGANIZATIONNAME = "Tyler hostager";
				TargetAttributes = {
					1A531B211B70590F00EACAD6 = {
						CreatedOnToolsVersion = 7.0;
					};
				};
			};
			buildConfigurationList = 1A531B1D1B70590F00EACAD6 /* Build configuration list for PBXProject "YouSnoozeYouLose3" */;
			compatibilityVersion = "Xcode 3.2";
			developmentRegion = English;
			hasScannedForEncodings = 0;
			knownRegions = (
				en,
				Base,
			);
			mainGroup = 1A531B191B70590F00EACAD6;
			productRefGroup = 1A531B231B70590F00EACAD6 /* Products */;
			projectDirPath = "";
			projectRoot = "";
			targets = (
				1A531B211B70590F00EACAD6 /* YouSnoozeYouLose3 */,
			);
		};
/* End PBXProject section */

/* Begin PBXResourcesBuildPhase section */
		1A531B201B70590F00EACAD6 /* Resources */ = {
			isa = PBXResourcesBuildPhase;
			buildActionMask = 2147483647;
			files = (
				1A531B2D1B70590F00EACAD6 /* Assets.xcassets in Resources */,
				1A6A8ED11B707C7500A5ED4C /* Roboto-Thin.ttf in Resources */,
				1A6A8ED01B707C7500A5ED4C /* Roboto-Regular.ttf in Resources */,
				1A6A8ECF1B707C7500A5ED4C /* Roboto-Bold.ttf in Resources */,
				1A531B301B70590F00EACAD6 /* LaunchScreen.storyboard in Resources */,
				1A531B2B1B70590F00EACAD6 /* Main.storyboard in Resources */,
				1A6A8ECB1B70759B00A5ED4C /* AlarmsTableViewCell.xib in Resources */,
			);
			runOnlyForDeploymentPostprocessing = 0;
		};
/* End PBXResourcesBuildPhase section */

/* Begin PBXShellScriptBuildPhase section */
		2B0F3F5502BABE622105FC83 /* Check Pods Manifest.lock */ = {
			isa = PBXShellScriptBuildPhase;
			buildActionMask = 2147483647;
			files = (
			);
			inputPaths = (
			);
			name = "Check Pods Manifest.lock";
			outputPaths = (
			);
			runOnlyForDeploymentPostprocessing = 0;
			shellPath = /bin/sh;
			shellScript = "diff \"${PODS_ROOT}/../Podfile.lock\" \"${PODS_ROOT}/Manifest.lock\" > /dev/null\nif [[ $? != 0 ]] ; then\n    cat << EOM\nerror: The sandbox is not in sync with the Podfile.lock. Run 'pod install' or update your CocoaPods installation.\nEOM\n    exit 1\nfi\n";
			showEnvVarsInLog = 0;
		};
		F60791DF667752783AC90922 /* Copy Pods Resources */ = {
			isa = PBXShellScriptBuildPhase;
			buildActionMask = 2147483647;
			files = (
			);
			inputPaths = (
			);
			name = "Copy Pods Resources";
			outputPaths = (
			);
			runOnlyForDeploymentPostprocessing = 0;
			shellPath = /bin/sh;
			shellScript = "\"${SRCROOT}/Pods/Target Support Files/Pods/Pods-resources.sh\"\n";
			showEnvVarsInLog = 0;
		};
/* End PBXShellScriptBuildPhase section */

/* Begin PBXSourcesBuildPhase section */
		1A531B1E1B70590F00EACAD6 /* Sources */ = {
			isa = PBXSourcesBuildPhase;
			buildActionMask = 2147483647;
			files = (
				1A531B281B70590F00EACAD6 /* ViewController.swift in Sources */,
				1A6A8EC41B705E7E00A5ED4C /* AlarmsTableViewController.swift in Sources */,
				1A531B261B70590F00EACAD6 /* AppDelegate.swift in Sources */,
				1A6A8ECA1B70759B00A5ED4C /* AlarmsTableViewCell.swift in Sources */,
				1A54D2651B70957F0010120B /* SignUpInViewController.swift in Sources */,
			);
			runOnlyForDeploymentPostprocessing = 0;
		};
/* End PBXSourcesBuildPhase section */

/* Begin PBXVariantGroup section */
		1A531B291B70590F00EACAD6 /* Main.storyboard */ = {
			isa = PBXVariantGroup;
			children = (
				1A531B2A1B70590F00EACAD6 /* Base */,
			);
			name = Main.storyboard;
			sourceTree = "<group>";
		};
		1A531B2E1B70590F00EACAD6 /* LaunchScreen.storyboard */ = {
			isa = PBXVariantGroup;
			children = (
				1A531B2F1B70590F00EACAD6 /* Base */,
			);
			name = LaunchScreen.storyboard;
			sourceTree = "<group>";
		};
/* End PBXVariantGroup section */

/* Begin XCBuildConfiguration section */
		1A531B321B70590F00EACAD6 /* Debug */ = {
			isa = XCBuildConfiguration;
			buildSettings = {
				ALWAYS_SEARCH_USER_PATHS = NO;
				CLANG_CXX_LANGUAGE_STANDARD = "gnu++0x";
				CLANG_CXX_LIBRARY = "libc++";
				CLANG_ENABLE_MODULES = YES;
				CLANG_ENABLE_OBJC_ARC = YES;
				CLANG_WARN_BOOL_CONVERSION = YES;
				CLANG_WARN_CONSTANT_CONVERSION = YES;
				CLANG_WARN_DIRECT_OBJC_ISA_USAGE = YES_ERROR;
				CLANG_WARN_EMPTY_BODY = YES;
				CLANG_WARN_ENUM_CONVERSION = YES;
				CLANG_WARN_INT_CONVERSION = YES;
				CLANG_WARN_OBJC_ROOT_CLASS = YES_ERROR;
				CLANG_WARN_UNREACHABLE_CODE = YES;
				CLANG_WARN__DUPLICATE_METHOD_MATCH = YES;
				"CODE_SIGN_IDENTITY[sdk=iphoneos*]" = "iPhone Developer";
				COPY_PHASE_STRIP = NO;
				DEBUG_INFORMATION_FORMAT = dwarf;
				ENABLE_BITCODE = NO;
				ENABLE_STRICT_OBJC_MSGSEND = YES;
				ENABLE_TESTABILITY = YES;
				GCC_C_LANGUAGE_STANDARD = gnu99;
				GCC_DYNAMIC_NO_PIC = NO;
				GCC_NO_COMMON_BLOCKS = YES;
				GCC_OPTIMIZATION_LEVEL = 0;
				GCC_PREPROCESSOR_DEFINITIONS = (
					"DEBUG=1",
					"$(inherited)",
				);
				GCC_WARN_64_TO_32_BIT_CONVERSION = YES;
				GCC_WARN_ABOUT_RETURN_TYPE = YES_ERROR;
				GCC_WARN_UNDECLARED_SELECTOR = YES;
				GCC_WARN_UNINITIALIZED_AUTOS = YES_AGGRESSIVE;
				GCC_WARN_UNUSED_FUNCTION = YES;
				GCC_WARN_UNUSED_VARIABLE = YES;
				IPHONEOS_DEPLOYMENT_TARGET = 9.0;
				MTL_ENABLE_DEBUG_INFO = YES;
				ONLY_ACTIVE_ARCH = YES;
				SDKROOT = iphoneos;
				SWIFT_OPTIMIZATION_LEVEL = "-Onone";
				TARGETED_DEVICE_FAMILY = "1,2";
			};
			name = Debug;
		};
		1A531B331B70590F00EACAD6 /* Release */ = {
			isa = XCBuildConfiguration;
			buildSettings = {
				ALWAYS_SEARCH_USER_PATHS = NO;
				CLANG_CXX_LANGUAGE_STANDARD = "gnu++0x";
				CLANG_CXX_LIBRARY = "libc++";
				CLANG_ENABLE_MODULES = YES;
				CLANG_ENABLE_OBJC_ARC = YES;
				CLANG_WARN_BOOL_CONVERSION = YES;
				CLANG_WARN_CONSTANT_CONVERSION = YES;
				CLANG_WARN_DIRECT_OBJC_ISA_USAGE = YES_ERROR;
				CLANG_WARN_EMPTY_BODY = YES;
				CLANG_WARN_ENUM_CONVERSION = YES;
				CLANG_WARN_INT_CONVERSION = YES;
				CLANG_WARN_OBJC_ROOT_CLASS = YES_ERROR;
				CLANG_WARN_UNREACHABLE_CODE = YES;
				CLANG_WARN__DUPLICATE_METHOD_MATCH = YES;
				"CODE_SIGN_IDENTITY[sdk=iphoneos*]" = "iPhone Developer";
				COPY_PHASE_STRIP = NO;
				DEBUG_INFORMATION_FORMAT = "dwarf-with-dsym";
				ENABLE_BITCODE = NO;
				ENABLE_NS_ASSERTIONS = NO;
				ENABLE_STRICT_OBJC_MSGSEND = YES;
				GCC_C_LANGUAGE_STANDARD = gnu99;
				GCC_NO_COMMON_BLOCKS = YES;
				GCC_WARN_64_TO_32_BIT_CONVERSION = YES;
				GCC_WARN_ABOUT_RETURN_TYPE = YES_ERROR;
				GCC_WARN_UNDECLARED_SELECTOR = YES;
				GCC_WARN_UNINITIALIZED_AUTOS = YES_AGGRESSIVE;
				GCC_WARN_UNUSED_FUNCTION = YES;
				GCC_WARN_UNUSED_VARIABLE = YES;
				IPHONEOS_DEPLOYMENT_TARGET = 9.0;
				MTL_ENABLE_DEBUG_INFO = NO;
				SDKROOT = iphoneos;
				TARGETED_DEVICE_FAMILY = "1,2";
				VALIDATE_PRODUCT = YES;
			};
			name = Release;
		};
		1A531B351B70590F00EACAD6 /* Debug */ = {
			isa = XCBuildConfiguration;
			baseConfigurationReference = 8703660FD6AC363FA4F68F23 /* Pods.debug.xcconfig */;
			buildSettings = {
				ASSETCATALOG_COMPILER_APPICON_NAME = AppIcon;
				CLANG_ENABLE_MODULES = YES;
				INFOPLIST_FILE = YouSnoozeYouLose3/Info.plist;
				LD_RUNPATH_SEARCH_PATHS = "$(inherited) @executable_path/Frameworks";
				PRODUCT_BUNDLE_IDENTIFIER = tyhostager.YouSnoozeYouLose3;
				PRODUCT_NAME = "$(TARGET_NAME)";
				SWIFT_OBJC_BRIDGING_HEADER = "YouSnoozeYouLose3/YouSnoozeYouLose3-Bridging-Header.h";
				SWIFT_OPTIMIZATION_LEVEL = "-Onone";
			};
			name = Debug;
		};
		1A531B361B70590F00EACAD6 /* Release */ = {
			isa = XCBuildConfiguration;
			baseConfigurationReference = A8EE0950ED542754343DE132 /* Pods.release.xcconfig */;
			buildSettings = {
				ASSETCATALOG_COMPILER_APPICON_NAME = AppIcon;
				CLANG_ENABLE_MODULES = YES;
				INFOPLIST_FILE = YouSnoozeYouLose3/Info.plist;
				LD_RUNPATH_SEARCH_PATHS = "$(inherited) @executable_path/Frameworks";
				PRODUCT_BUNDLE_IDENTIFIER = tyhostager.YouSnoozeYouLose3;
				PRODUCT_NAME = "$(TARGET_NAME)";
				SWIFT_OBJC_BRIDGING_HEADER = "YouSnoozeYouLose3/YouSnoozeYouLose3-Bridging-Header.h";
			};
			name = Release;
		};
/* End XCBuildConfiguration section */

/* Begin XCConfigurationList section */
		1A531B1D1B70590F00EACAD6 /* Build configuration list for PBXProject "YouSnoozeYouLose3" */ = {
			isa = XCConfigurationList;
			buildConfigurations = (
				1A531B321B70590F00EACAD6 /* Debug */,
				1A531B331B70590F00EACAD6 /* Release */,
			);
			defaultConfigurationIsVisible = 0;
			defaultConfigurationName = Release;
		};
		1A531B341B70590F00EACAD6 /* Build configuration list for PBXNativeTarget "YouSnoozeYouLose3" */ = {
			isa = XCConfigurationList;
			buildConfigurations = (
				1A531B351B70590F00EACAD6 /* Debug */,
				1A531B361B70590F00EACAD6 /* Release */,
			);
			defaultConfigurationIsVisible = 0;
			defaultConfigurationName = Release;
		};
/* End XCConfigurationList section */
	};
	rootObject = 1A531B1A1B70590F00EACAD6 /* Project object */;
}
